<?xml version="1.0" encoding="UTF-8" standalone="yes" ?>
<CodeBlocks_project_file>
	<FileVersion major="1" minor="6" />
	<Project>
		<Option title="stomata" />
		<Option pch_mode="2" />
		<Option compiler="gcc" />
		<Build>
			<Target title="Debug">
				<Option output="bin/Debug/stomata" prefix_auto="1" extension_auto="1" />
				<Option object_output="obj/Debug/" />
				<Option type="1" />
				<Option compiler="gcc" />
				<Compiler>
					<Add option="-std=c++11" />
					<Add option="-g" />
					<Add directory="/usr/include/opencv" />
					<Add directory="include" />
				</Compiler>
				<Linker>
					<Add library="/usr/lib/x86_64-linux-gnu/libopencv_core.so" />
					<Add library="/usr/lib/x86_64-linux-gnu/libopencv_imgproc.so" />
					<Add library="/usr/lib/x86_64-linux-gnu/libopencv_highgui.so" />
					<Add directory="/usr/lib/x86_64-linux-gnu/" />
					<Add directory="/usr/lib" />
				</Linker>
			</Target>
			<Target title="Release">
				<Option output="bin/Release/stomata" prefix_auto="1" extension_auto="1" />
				<Option object_output="obj/Release/" />
				<Option type="0" />
				<Option compiler="gcc" />
				<Compiler>
					<Add option="-O2" />
					<Add option="-s" />
					<Add directory="include" />
				</Compiler>
			</Target>
		</Build>
		<Compiler>
			<Add option="`opencv-config --cxxflags`" />
		</Compiler>
		<Linker>
			<Add option="`opencv-config --ldstaticflags`" />
			<Add library="/usr/lib/x86_64-linux-gnu/libopencv_core.so" />
			<Add library="/usr/lib/x86_64-linux-gnu/libopencv_imgproc.so" />
			<Add library="/usr/lib/x86_64-linux-gnu/libopencv_highgui.so" />
			<Add library="/usr/lib/x86_64-linux-gnu/libopencv_ml.so" />
		</Linker>
		<Unit filename="include/data.h" />
		<Unit filename="include/neuralNetwork.h" />
		<Unit filename="include/test.h" />
		<Unit filename="main.cpp" />
		<Unit filename="src/data.cpp" />
		<Unit filename="src/neuralNetwork.cpp" />
		<Unit filename="src/test.cpp" />
		<Extensions>
			<code_completion />
			<debugger />
		</Extensions>
	</Project>
</CodeBlocks_project_file>
